
Microsoft Visual Studio Solution File, Format Version 12.00
# Visual Studio Version 16
VisualStudioVersion = 16.0.30011.22
MinimumVisualStudioVersion = 10.0.40219.1
Project("{8BC9CEB8-8B4A-11D0-8D11-00A0C91BC942}") = "学生成绩管理系统", "学生成绩管理系统\学生成绩管理系统.vcxproj", "{5C659B77-A78D-46F1-8196-D87ED695D779}"
EndProject
Global
	GlobalSection(SolutionConfigurationPlatforms) = preSolution
		Debug|x64 = Debug|x64
		Debug|x86 = Debug|x86
		Release|x64 = Release|x64
		Release|x86 = Release|x86
	EndGlobalSection
	GlobalSection(ProjectConfigurationPlatforms) = postSolution
		{5C659B77-A78D-46F1-8196-D87ED695D779}.Debug|x64.ActiveCfg = Debug|x64
		{5C659B77-A78D-46F1-8196-D87ED695D779}.Debug|x64.Build.0 = Debug|x64
		{5C659B77-A78D-46F1-8196-D87ED695D779}.Debug|x86.ActiveCfg = Debug|Win32
		{5C659B77-A78D-46F1-8196-D87ED695D779}.Debug|x86.Build.0 = Debug|Win32
		{5C659B77-A78D-46F1-8196-D87ED695D779}.Release|x64.ActiveCfg = Release|x64
		{5C659B77-A78D-46F1-8196-D87ED695D779}.Release|x64.Build.0 = Release|x64
		{5C659B77-A78D-46F1-8196-D87ED695D779}.Release|x86.ActiveCfg = Release|Win32
		{5C659B77-A78D-46F1-8196-D87ED695D779}.Release|x86.Build.0 = Release|Win32
	EndGlobalSection
	GlobalSection(SolutionProperties) = preSolution
		HideSolutionNode = FALSE
	EndGlobalSection
	GlobalSection(ExtensibilityGlobals) = postSolution
		SolutionGuid = {59A99C7C-0488-418C-9F9C-4241507DBB31}
	EndGlobalSection
EndGlobal
